
Microsoft Visual Studio Solution File, Format Version 12.00
# Visual Studio Version 17
VisualStudioVersion = 17.0.32014.148
MinimumVisualStudioVersion = 10.0.40219.1
Project("{FAE04EC0-301F-11D3-BF4B-00C04F79EFBC}") = "Proxy", "Proxy\Proxy.csproj", "{18819B0D-58C7-41DC-AEA5-8F3F719446C0}"
EndProject
Global
	GlobalSection(SolutionConfigurationPlatforms) = preSolution
		Debug|Any CPU = Debug|Any CPU
		Release|Any CPU = Release|Any CPU
	EndGlobalSection
	GlobalSection(ProjectConfigurationPlatforms) = postSolution
		{18819B0D-58C7-41DC-AEA5-8F3F719446C0}.Debug|Any CPU.ActiveCfg = Debug|Any CPU
		{18819B0D-58C7-41DC-AEA5-8F3F719446C0}.Debug|Any CPU.Build.0 = Debug|Any CPU
		{18819B0D-58C7-41DC-AEA5-8F3F719446C0}.Release|Any CPU.ActiveCfg = Release|Any CPU
		{18819B0D-58C7-41DC-AEA5-8F3F719446C0}.Release|Any CPU.Build.0 = Release|Any CPU
	EndGlobalSection
	GlobalSection(SolutionProperties) = preSolution
		HideSolutionNode = FALSE
	EndGlobalSection
	GlobalSection(ExtensibilityGlobals) = postSolution
		SolutionGuid = {4FE6EB63-4ECA-4494-B12A-50B533AD508E}
	EndGlobalSection
EndGlobal
